{
  "name": "ckeditor5-custom-build",
  "version": "0.0.1",
  "lockfileVersion": 1,
  "requires": true,
  "dependencies": {
    "@ckeditor/ckeditor5-core": {
      "version": "35.0.1",
      "resolved": "https://registry.npmjs.org/@ckeditor/ckeditor5-core/-/ckeditor5-core-35.0.1.tgz",
      "integrity": "sha512-yLX4WwyKjBbgINfl3wB8nyAtxclmP8FBVWunnHZ+YBq6KryB0uWcplP1Nomz/3uyask6k2YN/rSY0Lu9xJ9uyQ==",
      "requires": {
        "@ckeditor/ckeditor5-engine": "^35.0.1",
        "@ckeditor/ckeditor5-ui": "^35.0.1",
        "@ckeditor/ckeditor5-utils": "^35.0.1",
        "lodash-es": "^4.17.15"
      }
    },
    "@ckeditor/ckeditor5-engine": {
      "version": "35.0.1",
      "resolved": "https://registry.npmjs.org/@ckeditor/ckeditor5-engine/-/ckeditor5-engine-35.0.1.tgz",
      "integrity": "sha512-Jz1sEBnFr06a1ezOqTbydClp9GgK/YL1CyvilCYIOoRiMevr1XMR3slsJCXC8AmHAcDn+PtxSniw+CREFZaTAA==",
      "requires": {
        "@ckeditor/ckeditor5-utils": "^35.0.1",
        "lodash-es": "^4.17.15"
      }
    },
    "@ckeditor/ckeditor5-ui": {
      "version": "35.0.1",
      "resolved": "https://registry.npmjs.org/@ckeditor/ckeditor5-ui/-/ckeditor5-ui-35.0.1.tgz",
      "integrity": "sha512-JFmHShOQ7tGDFKqH93Ba2U5sZQMOts0ho1OveHeaKpyG3mbsonBofWr/JacF/dpoNBi1pj8I7ssYR4bFVTwO+w==",
      "requires": {
        "@ckeditor/ckeditor5-core": "^35.0.1",
        "@ckeditor/ckeditor5-utils": "^35.0.1",
        "lodash-es": "^4.17.15"
      }
    },
    "@ckeditor/ckeditor5-utils": {
      "version": "35.0.1",
      "resolved": "https://registry.npmjs.org/@ckeditor/ckeditor5-utils/-/ckeditor5-utils-35.0.1.tgz",
      "integrity": "sha512-H0ec3f963FpLPuLb58p4RbzkgiOYYNk7goNF4XVROZ4Vjf2dcGLJCDhUSHRBwz3cRL/zZ8a/f7HX/PBpYmnWlw==",
      "requires": {
        "lodash-es": "^4.17.15"
      }
    },
    "lodash-es": {
      "version": "4.17.21",
      "resolved": "https://registry.npmjs.org/lodash-es/-/lodash-es-4.17.21.tgz",
      "integrity": "sha512-mKnC+QJ9pWVzv+C4/U3rRsHapFfHvQFoFB92e52xeyGMcX6/OlIl78je1u8vePzYZSkkogMPJ2yjxxsb89cxyw=="
    }
  }
}
